
Microsoft Visual Studio Solution File, Format Version 12.00
# Visual Studio Version 17
VisualStudioVersion = 17.11.35327.3
MinimumVisualStudioVersion = 10.0.40219.1
Project("{FAE04EC0-301F-11D3-BF4B-00C04F79EFBC}") = "ReactENET.Server", "ReactENET.Server\ReactENET.Server.csproj", "{797D1C1C-CE48-4657-A0EF-26C961AA952D}"
EndProject
Project("{54A90642-561A-4BB1-A94E-469ADEE60C69}") = "reactenet.client", "reactenet.client\reactenet.client.esproj", "{98AD2796-21F9-457B-802E-50A7802F34C6}"
EndProject
Global
	GlobalSection(SolutionConfigurationPlatforms) = preSolution
		Debug|Any CPU = Debug|Any CPU
		Release|Any CPU = Release|Any CPU
	EndGlobalSection
	GlobalSection(ProjectConfigurationPlatforms) = postSolution
		{797D1C1C-CE48-4657-A0EF-26C961AA952D}.Debug|Any CPU.ActiveCfg = Debug|Any CPU
		{797D1C1C-CE48-4657-A0EF-26C961AA952D}.Debug|Any CPU.Build.0 = Debug|Any CPU
		{797D1C1C-CE48-4657-A0EF-26C961AA952D}.Release|Any CPU.ActiveCfg = Release|Any CPU
		{797D1C1C-CE48-4657-A0EF-26C961AA952D}.Release|Any CPU.Build.0 = Release|Any CPU
		{98AD2796-21F9-457B-802E-50A7802F34C6}.Debug|Any CPU.ActiveCfg = Debug|Any CPU
		{98AD2796-21F9-457B-802E-50A7802F34C6}.Debug|Any CPU.Build.0 = Debug|Any CPU
		{98AD2796-21F9-457B-802E-50A7802F34C6}.Debug|Any CPU.Deploy.0 = Debug|Any CPU
		{98AD2796-21F9-457B-802E-50A7802F34C6}.Release|Any CPU.ActiveCfg = Release|Any CPU
		{98AD2796-21F9-457B-802E-50A7802F34C6}.Release|Any CPU.Build.0 = Release|Any CPU
		{98AD2796-21F9-457B-802E-50A7802F34C6}.Release|Any CPU.Deploy.0 = Release|Any CPU
	EndGlobalSection
	GlobalSection(SolutionProperties) = preSolution
		HideSolutionNode = FALSE
	EndGlobalSection
	GlobalSection(ExtensibilityGlobals) = postSolution
		SolutionGuid = {DFF1B125-27E6-4AE3-9E21-1D02B6356615}
	EndGlobalSection
EndGlobal
